
Microsoft Visual Studio Solution File, Format Version 12.00
# Visual Studio 2013
VisualStudioVersion = 12.0.21005.1
MinimumVisualStudioVersion = 10.0.40219.1
Project("{FAE04EC0-301F-11D3-BF4B-00C04F79EFBC}") = "XPC.DAL", "XPC.DAL\XPC.DAL.csproj", "{30606CA0-0FF6-4A5F-9789-2B5797316C92}"
EndProject
Project("{FAE04EC0-301F-11D3-BF4B-00C04F79EFBC}") = "XPC.BO", "XPC.BO\XPC.BO.csproj", "{1790F23F-34F9-48E1-AF99-2763AFDD857A}"
EndProject
Project("{FAE04EC0-301F-11D3-BF4B-00C04F79EFBC}") = "XPC.Web", "XPC.Web\XPC.Web.csproj", "{BA3A1B8F-18F5-451C-A4A0-18541D99AB02}"
EndProject
Global
	GlobalSection(SolutionConfigurationPlatforms) = preSolution
		Debug|Any CPU = Debug|Any CPU
		Release|Any CPU = Release|Any CPU
	EndGlobalSection
	GlobalSection(ProjectConfigurationPlatforms) = postSolution
		{30606CA0-0FF6-4A5F-9789-2B5797316C92}.Debug|Any CPU.ActiveCfg = Debug|Any CPU
		{30606CA0-0FF6-4A5F-9789-2B5797316C92}.Debug|Any CPU.Build.0 = Debug|Any CPU
		{30606CA0-0FF6-4A5F-9789-2B5797316C92}.Release|Any CPU.ActiveCfg = Release|Any CPU
		{30606CA0-0FF6-4A5F-9789-2B5797316C92}.Release|Any CPU.Build.0 = Release|Any CPU
		{1790F23F-34F9-48E1-AF99-2763AFDD857A}.Debug|Any CPU.ActiveCfg = Debug|Any CPU
		{1790F23F-34F9-48E1-AF99-2763AFDD857A}.Debug|Any CPU.Build.0 = Debug|Any CPU
		{1790F23F-34F9-48E1-AF99-2763AFDD857A}.Release|Any CPU.ActiveCfg = Release|Any CPU
		{1790F23F-34F9-48E1-AF99-2763AFDD857A}.Release|Any CPU.Build.0 = Release|Any CPU
		{BA3A1B8F-18F5-451C-A4A0-18541D99AB02}.Debug|Any CPU.ActiveCfg = Debug|Any CPU
		{BA3A1B8F-18F5-451C-A4A0-18541D99AB02}.Debug|Any CPU.Build.0 = Debug|Any CPU
		{BA3A1B8F-18F5-451C-A4A0-18541D99AB02}.Release|Any CPU.ActiveCfg = Release|Any CPU
		{BA3A1B8F-18F5-451C-A4A0-18541D99AB02}.Release|Any CPU.Build.0 = Release|Any CPU
	EndGlobalSection
	GlobalSection(SolutionProperties) = preSolution
		HideSolutionNode = FALSE
	EndGlobalSection
EndGlobal
